
Microsoft Visual Studio Solution File, Format Version 12.00
# Visual Studio 15
VisualStudioVersion = 15.0.28010.2036
MinimumVisualStudioVersion = 10.0.40219.1
Project("{FAE04EC0-301F-11D3-BF4B-00C04F79EFBC}") = "Shipping", "Shipping\Shipping.csproj", "{68F38A9E-56B9-4162-B436-1C128D8C4881}"
EndProject
Global
	GlobalSection(SolutionConfigurationPlatforms) = preSolution
		Debug|Any CPU = Debug|Any CPU
		Release|Any CPU = Release|Any CPU
	EndGlobalSection
	GlobalSection(ProjectConfigurationPlatforms) = postSolution
		{68F38A9E-56B9-4162-B436-1C128D8C4881}.Debug|Any CPU.ActiveCfg = Debug|Any CPU
		{68F38A9E-56B9-4162-B436-1C128D8C4881}.Debug|Any CPU.Build.0 = Debug|Any CPU
		{68F38A9E-56B9-4162-B436-1C128D8C4881}.Release|Any CPU.ActiveCfg = Release|Any CPU
		{68F38A9E-56B9-4162-B436-1C128D8C4881}.Release|Any CPU.Build.0 = Release|Any CPU
	EndGlobalSection
	GlobalSection(SolutionProperties) = preSolution
		HideSolutionNode = FALSE
	EndGlobalSection
	GlobalSection(ExtensibilityGlobals) = postSolution
		SolutionGuid = {608808A3-804A-4AA9-BC7D-0285854825D1}
	EndGlobalSection
EndGlobal
