
Microsoft Visual Studio Solution File, Format Version 12.00
# Visual Studio 15
VisualStudioVersion = 15.0.28010.2036
MinimumVisualStudioVersion = 10.0.40219.1
Project("{FAE04EC0-301F-11D3-BF4B-00C04F79EFBC}") = "Inheritance", "Inheritance\Inheritance.csproj", "{AE37F2F9-B313-4A5E-9DEF-7AF5634461DE}"
EndProject
Global
	GlobalSection(SolutionConfigurationPlatforms) = preSolution
		Debug|Any CPU = Debug|Any CPU
		Release|Any CPU = Release|Any CPU
	EndGlobalSection
	GlobalSection(ProjectConfigurationPlatforms) = postSolution
		{AE37F2F9-B313-4A5E-9DEF-7AF5634461DE}.Debug|Any CPU.ActiveCfg = Debug|Any CPU
		{AE37F2F9-B313-4A5E-9DEF-7AF5634461DE}.Debug|Any CPU.Build.0 = Debug|Any CPU
		{AE37F2F9-B313-4A5E-9DEF-7AF5634461DE}.Release|Any CPU.ActiveCfg = Release|Any CPU
		{AE37F2F9-B313-4A5E-9DEF-7AF5634461DE}.Release|Any CPU.Build.0 = Release|Any CPU
	EndGlobalSection
	GlobalSection(SolutionProperties) = preSolution
		HideSolutionNode = FALSE
	EndGlobalSection
	GlobalSection(ExtensibilityGlobals) = postSolution
		SolutionGuid = {2D70A825-963A-4E6C-BE9B-122A7C01B724}
	EndGlobalSection
EndGlobal
