
Microsoft Visual Studio Solution File, Format Version 12.00
# Visual Studio 15
VisualStudioVersion = 15.0.28010.2036
MinimumVisualStudioVersion = 10.0.40219.1
Project("{FAE04EC0-301F-11D3-BF4B-00C04F79EFBC}") = "Insurance", "Insurance\Insurance.csproj", "{4F4815F8-3184-4770-B30E-775C9B63FA47}"
EndProject
Global
	GlobalSection(SolutionConfigurationPlatforms) = preSolution
		Debug|Any CPU = Debug|Any CPU
		Release|Any CPU = Release|Any CPU
	EndGlobalSection
	GlobalSection(ProjectConfigurationPlatforms) = postSolution
		{4F4815F8-3184-4770-B30E-775C9B63FA47}.Debug|Any CPU.ActiveCfg = Debug|Any CPU
		{4F4815F8-3184-4770-B30E-775C9B63FA47}.Debug|Any CPU.Build.0 = Debug|Any CPU
		{4F4815F8-3184-4770-B30E-775C9B63FA47}.Release|Any CPU.ActiveCfg = Release|Any CPU
		{4F4815F8-3184-4770-B30E-775C9B63FA47}.Release|Any CPU.Build.0 = Release|Any CPU
	EndGlobalSection
	GlobalSection(SolutionProperties) = preSolution
		HideSolutionNode = FALSE
	EndGlobalSection
	GlobalSection(ExtensibilityGlobals) = postSolution
		SolutionGuid = {B586053F-E757-49B6-B6A3-2FD2B562E203}
	EndGlobalSection
EndGlobal
