
Microsoft Visual Studio Solution File, Format Version 12.00
# Visual Studio 15
VisualStudioVersion = 15.0.28010.2036
MinimumVisualStudioVersion = 10.0.40219.1
Project("{FAE04EC0-301F-11D3-BF4B-00C04F79EFBC}") = "Lambda", "Lambda\Lambda.csproj", "{690B09B0-7B1F-42BA-BC09-AFD4A998367E}"
EndProject
Global
	GlobalSection(SolutionConfigurationPlatforms) = preSolution
		Debug|Any CPU = Debug|Any CPU
		Release|Any CPU = Release|Any CPU
	EndGlobalSection
	GlobalSection(ProjectConfigurationPlatforms) = postSolution
		{690B09B0-7B1F-42BA-BC09-AFD4A998367E}.Debug|Any CPU.ActiveCfg = Debug|Any CPU
		{690B09B0-7B1F-42BA-BC09-AFD4A998367E}.Debug|Any CPU.Build.0 = Debug|Any CPU
		{690B09B0-7B1F-42BA-BC09-AFD4A998367E}.Release|Any CPU.ActiveCfg = Release|Any CPU
		{690B09B0-7B1F-42BA-BC09-AFD4A998367E}.Release|Any CPU.Build.0 = Release|Any CPU
	EndGlobalSection
	GlobalSection(SolutionProperties) = preSolution
		HideSolutionNode = FALSE
	EndGlobalSection
	GlobalSection(ExtensibilityGlobals) = postSolution
		SolutionGuid = {49F9F227-1BFA-42F6-BFFA-619BA222A063}
	EndGlobalSection
EndGlobal
